// !$*UTF8*$!
{
	archiveVersion = 1;
	classes = {
	};
	objectVersion = 77;
	objects = {

/* Begin PBXContainerItemProxy section */
		EABC3B852DC831DD00B370E4 /* PBXContainerItemProxy */ = {
			isa = PBXContainerItemProxy;
			containerPortal = EABC3B662DC831DB00B370E4 /* Project object */;
			proxyType = 1;
			remoteGlobalIDString = EABC3B6D2DC831DB00B370E4;
			remoteInfo = IOS101_Main;
		};
		EABC3B8F2DC831DD00B370E4 /* PBXContainerItemProxy */ = {
			isa = PBXContainerItemProxy;
			containerPortal = EABC3B662DC831DB00B370E4 /* Project object */;
			proxyType = 1;
			remoteGlobalIDString = EABC3B6D2DC831DB00B370E4;
			remoteInfo = IOS101_Main;
		};
/* End PBXContainerItemProxy section */

/* Begin PBXFileReference section */
		EABC3B6E2DC831DB00B370E4 /* IOS101_Main.app */ = {isa = PBXFileReference; explicitFileType = wrapper.application; includeInIndex = 0; path = IOS101_Main.app; sourceTree = BUILT_PRODUCTS_DIR; };
		EABC3B842DC831DD00B370E4 /* IOS101_MainTests.xctest */ = {isa = PBXFileReference; explicitFileType = wrapper.cfbundle; includeInIndex = 0; path = IOS101_MainTests.xctest; sourceTree = BUILT_PRODUCTS_DIR; };
		EABC3B8E2DC831DD00B370E4 /* IOS101_MainUITests.xctest */ = {isa = PBXFileReference; explicitFileType = wrapper.cfbundle; includeInIndex = 0; path = IOS101_MainUITests.xctest; sourceTree = BUILT_PRODUCTS_DIR; };
/* End PBXFileReference section */

/* Begin PBXFileSystemSynchronizedBuildFileExceptionSet section */
		EABC3B962DC831DD00B370E4 /* Exceptions for "IOS101_Main" folder in "IOS101_Main" target */ = {
			isa = PBXFileSystemSynchronizedBuildFileExceptionSet;
			membershipExceptions = (
				Info.plist,
			);
			target = EABC3B6D2DC831DB00B370E4 /* IOS101_Main */;
		};
/* End PBXFileSystemSynchronizedBuildFileExceptionSet section */

/* Begin PBXFileSystemSynchronizedRootGroup section */
		EABC3B702DC831DB00B370E4 /* IOS101_Main */ = {
			isa = PBXFileSystemSynchronizedRootGroup;
			exceptions = (
				EABC3B962DC831DD00B370E4 /* Exceptions for "IOS101_Main" folder in "IOS101_Main" target */,
			);
			path = IOS101_Main;
			sourceTree = "<group>";
		};
		EABC3B872DC831DD00B370E4 /* IOS101_MainTests */ = {
			isa = PBXFileSystemSynchronizedRootGroup;
			path = IOS101_MainTests;
			sourceTree = "<group>";
		};
		EABC3B912DC831DD00B370E4 /* IOS101_MainUITests */ = {
			isa = PBXFileSystemSynchronizedRootGroup;
			path = IOS101_MainUITests;
			sourceTree = "<group>";
		};
/* End PBXFileSystemSynchronizedRootGroup section */

/* Begin PBXFrameworksBuildPhase section */
		EABC3B6B2DC831DB00B370E4 /* Frameworks */ = {
			isa = PBXFrameworksBuildPhase;
			buildActionMask = 2147483647;
			files = (
			);
			runOnlyForDeploymentPostprocessing = 0;
		};
		EABC3B812DC831DD00B370E4 /* Frameworks */ = {
			isa = PBXFrameworksBuildPhase;
			buildActionMask = 2147483647;
			files = (
			);
			runOnlyForDeploymentPostprocessing = 0;
		};
		EABC3B8B2DC831DD00B370E4 /* Frameworks */ = {
			isa = PBXFrameworksBuildPhase;
			buildActionMask = 2147483647;
			files = (
			);
			runOnlyForDeploymentPostprocessing = 0;
		};
/* End PBXFrameworksBuildPhase section */

/* Begin PBXGroup section */
		EABC3B652DC831DB00B370E4 = {
			isa = PBXGroup;
			children = (
				EABC3B702DC831DB00B370E4 /* IOS101_Main */,
				EABC3B872DC831DD00B370E4 /* IOS101_MainTests */,
				EABC3B912DC831DD00B370E4 /* IOS101_MainUITests */,
				EABC3B6F2DC831DB00B370E4 /* Products */,
			);
			sourceTree = "<group>";
		};
		EABC3B6F2DC831DB00B370E4 /* Products */ = {
			isa = PBXGroup;
			children = (
				EABC3B6E2DC831DB00B370E4 /* IOS101_Main.app */,
				EABC3B842DC831DD00B370E4 /* IOS101_MainTests.xctest */,
				EABC3B8E2DC831DD00B370E4 /* IOS101_MainUITests.xctest */,
			);
			name = Products;
			sourceTree = "<group>";
		};
/* End PBXGroup section */

/* Begin PBXNativeTarget section */
		EABC3B6D2DC831DB00B370E4 /* IOS101_Main */ = {
			isa = PBXNativeTarget;
			buildConfigurationList = EABC3B972DC831DD00B370E4 /* Build configuration list for PBXNativeTarget "IOS101_Main" */;
			buildPhases = (
				EABC3B6A2DC831DB00B370E4 /* Sources */,
				EABC3B6B2DC831DB00B370E4 /* Frameworks */,
				EABC3B6C2DC831DB00B370E4 /* Resources */,
			);
			buildRules = (
			);
			dependencies = (
			);
			fileSystemSynchronizedGroups = (
				EABC3B702DC831DB00B370E4 /* IOS101_Main */,
			);
			name = IOS101_Main;
			packageProductDependencies = (
			);
			productName = IOS101_Main;
			productReference = EABC3B6E2DC831DB00B370E4 /* IOS101_Main.app */;
			productType = "com.apple.product-type.application";
		};
		EABC3B832DC831DD00B370E4 /* IOS101_MainTests */ = {
			isa = PBXNativeTarget;
			buildConfigurationList = EABC3B9C2DC831DD00B370E4 /* Build configuration list for PBXNativeTarget "IOS101_MainTests" */;
			buildPhases = (
				EABC3B802DC831DD00B370E4 /* Sources */,
				EABC3B812DC831DD00B370E4 /* Frameworks */,
				EABC3B822DC831DD00B370E4 /* Resources */,
			);
			buildRules = (
			);
			dependencies = (
				EABC3B862DC831DD00B370E4 /* PBXTargetDependency */,
			);
			fileSystemSynchronizedGroups = (
				EABC3B872DC831DD00B370E4 /* IOS101_MainTests */,
			);
			name = IOS101_MainTests;
			packageProductDependencies = (
			);
			productName = IOS101_MainTests;
			productReference = EABC3B842DC831DD00B370E4 /* IOS101_MainTests.xctest */;
			productType = "com.apple.product-type.bundle.unit-test";
		};
		EABC3B8D2DC831DD00B370E4 /* IOS101_MainUITests */ = {
			isa = PBXNativeTarget;
			buildConfigurationList = EABC3B9F2DC831DD00B370E4 /* Build configuration list for PBXNativeTarget "IOS101_MainUITests" */;
			buildPhases = (
				EABC3B8A2DC831DD00B370E4 /* Sources */,
				EABC3B8B2DC831DD00B370E4 /* Frameworks */,
				EABC3B8C2DC831DD00B370E4 /* Resources */,
			);
			buildRules = (
			);
			dependencies = (
				EABC3B902DC831DD00B370E4 /* PBXTargetDependency */,
			);
			fileSystemSynchronizedGroups = (
				EABC3B912DC831DD00B370E4 /* IOS101_MainUITests */,
			);
			name = IOS101_MainUITests;
			packageProductDependencies = (
			);
			productName = IOS101_MainUITests;
			productReference = EABC3B8E2DC831DD00B370E4 /* IOS101_MainUITests.xctest */;
			productType = "com.apple.product-type.bundle.ui-testing";
		};
/* End PBXNativeTarget section */

/* Begin PBXProject section */
		EABC3B662DC831DB00B370E4 /* Project object */ = {
			isa = PBXProject;
			attributes = {
				BuildIndependentTargetsInParallel = 1;
				LastSwiftUpdateCheck = 1630;
				LastUpgradeCheck = 1630;
				TargetAttributes = {
					EABC3B6D2DC831DB00B370E4 = {
						CreatedOnToolsVersion = 16.3;
					};
					EABC3B832DC831DD00B370E4 = {
						CreatedOnToolsVersion = 16.3;
						TestTargetID = EABC3B6D2DC831DB00B370E4;
					};
					EABC3B8D2DC831DD00B370E4 = {
						CreatedOnToolsVersion = 16.3;
						TestTargetID = EABC3B6D2DC831DB00B370E4;
					};
				};
			};
			buildConfigurationList = EABC3B692DC831DB00B370E4 /* Build configuration list for PBXProject "IOS101_Main" */;
			developmentRegion = en;
			hasScannedForEncodings = 0;
			knownRegions = (
				en,
				Base,
			);
			mainGroup = EABC3B652DC831DB00B370E4;
			minimizedProjectReferenceProxies = 1;
			preferredProjectObjectVersion = 77;
			productRefGroup = EABC3B6F2DC831DB00B370E4 /* Products */;
			projectDirPath = "";
			projectRoot = "";
			targets = (
				EABC3B6D2DC831DB00B370E4 /* IOS101_Main */,
				EABC3B832DC831DD00B370E4 /* IOS101_MainTests */,
				EABC3B8D2DC831DD00B370E4 /* IOS101_MainUITests */,
			);
		};
/* End PBXProject section */

/* Begin PBXResourcesBuildPhase section */
		EABC3B6C2DC831DB00B370E4 /* Resources */ = {
			isa = PBXResourcesBuildPhase;
			buildActionMask = 2147483647;
			files = (
			);
			runOnlyForDeploymentPostprocessing = 0;
		};
		EABC3B822DC831DD00B370E4 /* Resources */ = {
			isa = PBXResourcesBuildPhase;
			buildActionMask = 2147483647;
			files = (
			);
			runOnlyForDeploymentPostprocessing = 0;
		};
		EABC3B8C2DC831DD00B370E4 /* Resources */ = {
			isa = PBXResourcesBuildPhase;
			buildActionMask = 2147483647;
			files = (
			);
			runOnlyForDeploymentPostprocessing = 0;
		};
/* End PBXResourcesBuildPhase section */

/* Begin PBXSourcesBuildPhase section */
		EABC3B6A2DC831DB00B370E4 /* Sources */ = {
			isa = PBXSourcesBuildPhase;
			buildActionMask = 2147483647;
			files = (
			);
			runOnlyForDeploymentPostprocessing = 0;
		};
		EABC3B802DC831DD00B370E4 /* Sources */ = {
			isa = PBXSourcesBuildPhase;
			buildActionMask = 2147483647;
			files = (
			);
			runOnlyForDeploymentPostprocessing = 0;
		};
		EABC3B8A2DC831DD00B370E4 /* Sources */ = {
			isa = PBXSourcesBuildPhase;
			buildActionMask = 2147483647;
			files = (
			);
			runOnlyForDeploymentPostprocessing = 0;
		};
/* End PBXSourcesBuildPhase section */

/* Begin PBXTargetDependency section */
		EABC3B862DC831DD00B370E4 /* PBXTargetDependency */ = {
			isa = PBXTargetDependency;
			target = EABC3B6D2DC831DB00B370E4 /* IOS101_Main */;
			targetProxy = EABC3B852DC831DD00B370E4 /* PBXContainerItemProxy */;
		};
		EABC3B902DC831DD00B370E4 /* PBXTargetDependency */ = {
			isa = PBXTargetDependency;
			target = EABC3B6D2DC831DB00B370E4 /* IOS101_Main */;
			targetProxy = EABC3B8F2DC831DD00B370E4 /* PBXContainerItemProxy */;
		};
/* End PBXTargetDependency section */

/* Begin XCBuildConfiguration section */
		EABC3B982DC831DD00B370E4 /* Debug */ = {
			isa = XCBuildConfiguration;
			buildSettings = {
				ASSETCATALOG_COMPILER_APPICON_NAME = AppIcon;
				ASSETCATALOG_COMPILER_GLOBAL_ACCENT_COLOR_NAME = AccentColor;
				CODE_SIGN_STYLE = Automatic;
				CURRENT_PROJECT_VERSION = 1;
				GENERATE_INFOPLIST_FILE = YES;
				INFOPLIST_FILE = IOS101_Main/Info.plist;
				INFOPLIST_KEY_UIApplicationSupportsIndirectInputEvents = YES;
				INFOPLIST_KEY_UILaunchStoryboardName = LaunchScreen;
				INFOPLIST_KEY_UIMainStoryboardFile = Main;
				INFOPLIST_KEY_UISupportedInterfaceOrientations_iPad = "UIInterfaceOrientationPortrait UIInterfaceOrientationPortraitUpsideDown UIInterfaceOrientationLandscapeLeft UIInterfaceOrientationLandscapeRight";
				INFOPLIST_KEY_UISupportedInterfaceOrientations_iPhone = "UIInterfaceOrientationPortrait UIInterfaceOrientationLandscapeLeft UIInterfaceOrientationLandscapeRight";
				LD_RUNPATH_SEARCH_PATHS = (
					"$(inherited)",
					"@executable_path/Frameworks",
				);
				MARKETING_VERSION = 1.0;
				PRODUCT_BUNDLE_IDENTIFIER = "codepath.IOS101-Main";
				PRODUCT_NAME = "$(TARGET_NAME)";
				SWIFT_EMIT_LOC_STRINGS = YES;
				SWIFT_VERSION = 5.0;
				TARGETED_DEVICE_FAMILY = "1,2";
			};
			name = Debug;
		};
		EABC3B992DC831DD00B370E4 /* Release */ = {
			isa = XCBuildConfiguration;
			buildSettings = {
				ASSETCATALOG_COMPILER_APPICON_NAME = AppIcon;
				ASSETCATALOG_COMPILER_GLOBAL_ACCENT_COLOR_NAME = AccentColor;
				CODE_SIGN_STYLE = Automatic;
				CURRENT_PROJECT_VERSION = 1;
				GENERATE_INFOPLIST_FILE = YES;
				INFOPLIST_FILE = IOS101_Main/Info.plist;
				INFOPLIST_KEY_UIApplicationSupportsIndirectInputEvents = YES;
				INFOPLIST_KEY_UILaunchStoryboardName = LaunchScreen;
				INFOPLIST_KEY_UIMainStoryboardFile = Main;
				INFOPLIST_KEY_UISupportedInterfaceOrientations_iPad = "UIInterfaceOrientationPortrait UIInterfaceOrientationPortraitUpsideDown UIInterfaceOrientationLandscapeLeft UIInterfaceOrientationLandscapeRight";
				INFOPLIST_KEY_UISupportedInterfaceOrientations_iPhone = "UIInterfaceOrientationPortrait UIInterfaceOrientationLandscapeLeft UIInterfaceOrientationLandscapeRight";
				LD_RUNPATH_SEARCH_PATHS = (
					"$(inherited)",
					"@executable_path/Frameworks",
				);
				MARKETING_VERSION = 1.0;
				PRODUCT_BUNDLE_IDENTIFIER = "codepath.IOS101-Main";
				PRODUCT_NAME = "$(TARGET_NAME)";
				SWIFT_EMIT_LOC_STRINGS = YES;
				SWIFT_VERSION = 5.0;
				TARGETED_DEVICE_FAMILY = "1,2";
			};
			name = Release;
		};
		EABC3B9A2DC831DD00B370E4 /* Debug */ = {
			isa = XCBuildConfiguration;
			buildSettings = {
				ALWAYS_SEARCH_USER_PATHS = NO;
				ASSETCATALOG_COMPILER_GENERATE_SWIFT_ASSET_SYMBOL_EXTENSIONS = YES;
				CLANG_ANALYZER_NONNULL = YES;
				CLANG_ANALYZER_NUMBER_OBJECT_CONVERSION = YES_AGGRESSIVE;
				CLANG_CXX_LANGUAGE_STANDARD = "gnu++20";
				CLANG_ENABLE_MODULES = YES;
				CLANG_ENABLE_OBJC_ARC = YES;
				CLANG_ENABLE_OBJC_WEAK = YES;
				CLANG_WARN_BLOCK_CAPTURE_AUTORELEASING = YES;
				CLANG_WARN_BOOL_CONVERSION = YES;
				CLANG_WARN_COMMA = YES;
				CLANG_WARN_CONSTANT_CONVERSION = YES;
				CLANG_WARN_DEPRECATED_OBJC_IMPLEMENTATIONS = YES;
				CLANG_WARN_DIRECT_OBJC_ISA_USAGE = YES_ERROR;
				CLANG_WARN_DOCUMENTATION_COMMENTS = YES;
				CLANG_WARN_EMPTY_BODY = YES;
				CLANG_WARN_ENUM_CONVERSION = YES;
				CLANG_WARN_INFINITE_RECURSION = YES;
				CLANG_WARN_INT_CONVERSION = YES;
				CLANG_WARN_NON_LITERAL_NULL_CONVERSION = YES;
				CLANG_WARN_OBJC_IMPLICIT_RETAIN_SELF = YES;
				CLANG_WARN_OBJC_LITERAL_CONVERSION = YES;
				CLANG_WARN_OBJC_ROOT_CLASS = YES_ERROR;
				CLANG_WARN_QUOTED_INCLUDE_IN_FRAMEWORK_HEADER = YES;
				CLANG_WARN_RANGE_LOOP_ANALYSIS = YES;
				CLANG_WARN_STRICT_PROTOTYPES = YES;
				CLANG_WARN_SUSPICIOUS_MOVE = YES;
				CLANG_WARN_UNGUARDED_AVAILABILITY = YES_AGGRESSIVE;
				CLANG_WARN_UNREACHABLE_CODE = YES;
				CLANG_WARN__DUPLICATE_METHOD_MATCH = YES;
				COPY_PHASE_STRIP = NO;
				DEBUG_INFORMATION_FORMAT = dwarf;
				ENABLE_STRICT_OBJC_MSGSEND = YES;
				ENABLE_TESTABILITY = YES;
				ENABLE_USER_SCRIPT_SANDBOXING = YES;
				GCC_C_LANGUAGE_STANDARD = gnu17;
				GCC_DYNAMIC_NO_PIC = NO;
				GCC_NO_COMMON_BLOCKS = YES;
				GCC_OPTIMIZATION_LEVEL = 0;
				GCC_PREPROCESSOR_DEFINITIONS = (
					"DEBUG=1",
					"$(inherited)",
				);
				GCC_WARN_64_TO_32_BIT_CONVERSION = YES;
				GCC_WARN_ABOUT_RETURN_TYPE = YES_ERROR;
				GCC_WARN_UNDECLARED_SELECTOR = YES;
				GCC_WARN_UNINITIALIZED_AUTOS = YES_AGGRESSIVE;
				GCC_WARN_UNUSED_FUNCTION = YES;
				GCC_WARN_UNUSED_VARIABLE = YES;
				IPHONEOS_DEPLOYMENT_TARGET = 18.4;
				LOCALIZATION_PREFERS_STRING_CATALOGS = YES;
				MTL_ENABLE_DEBUG_INFO = INCLUDE_SOURCE;
				MTL_FAST_MATH = YES;
				ONLY_ACTIVE_ARCH = YES;
				SDKROOT = iphoneos;
				SWIFT_ACTIVE_COMPILATION_CONDITIONS = "DEBUG $(inherited)";
				SWIFT_OPTIMIZATION_LEVEL = "-Onone";
			};
			name = Debug;
		};
		EABC3B9B2DC831DD00B370E4 /* Release */ = {
			isa = XCBuildConfiguration;
			buildSettings = {
				ALWAYS_SEARCH_USER_PATHS = NO;
				ASSETCATALOG_COMPILER_GENERATE_SWIFT_ASSET_SYMBOL_EXTENSIONS = YES;
				CLANG_ANALYZER_NONNULL = YES;
				CLANG_ANALYZER_NUMBER_OBJECT_CONVERSION = YES_AGGRESSIVE;
				CLANG_CXX_LANGUAGE_STANDARD = "gnu++20";
				CLANG_ENABLE_MODULES = YES;
				CLANG_ENABLE_OBJC_ARC = YES;
				CLANG_ENABLE_OBJC_WEAK = YES;
				CLANG_WARN_BLOCK_CAPTURE_AUTORELEASING = YES;
				CLANG_WARN_BOOL_CONVERSION = YES;
				CLANG_WARN_COMMA = YES;
				CLANG_WARN_CONSTANT_CONVERSION = YES;
				CLANG_WARN_DEPRECATED_OBJC_IMPLEMENTATIONS = YES;
				CLANG_WARN_DIRECT_OBJC_ISA_USAGE = YES_ERROR;
				CLANG_WARN_DOCUMENTATION_COMMENTS = YES;
				CLANG_WARN_EMPTY_BODY = YES;
				CLANG_WARN_ENUM_CONVERSION = YES;
				CLANG_WARN_INFINITE_RECURSION = YES;
				CLANG_WARN_INT_CONVERSION = YES;
				CLANG_WARN_NON_LITERAL_NULL_CONVERSION = YES;
				CLANG_WARN_OBJC_IMPLICIT_RETAIN_SELF = YES;
				CLANG_WARN_OBJC_LITERAL_CONVERSION = YES;
				CLANG_WARN_OBJC_ROOT_CLASS = YES_ERROR;
				CLANG_WARN_QUOTED_INCLUDE_IN_FRAMEWORK_HEADER = YES;
				CLANG_WARN_RANGE_LOOP_ANALYSIS = YES;
				CLANG_WARN_STRICT_PROTOTYPES = YES;
				CLANG_WARN_SUSPICIOUS_MOVE = YES;
				CLANG_WARN_UNGUARDED_AVAILABILITY = YES_AGGRESSIVE;
				CLANG_WARN_UNREACHABLE_CODE = YES;
				CLANG_WARN__DUPLICATE_METHOD_MATCH = YES;
				COPY_PHASE_STRIP = NO;
				DEBUG_INFORMATION_FORMAT = "dwarf-with-dsym";
				ENABLE_NS_ASSERTIONS = NO;
				ENABLE_STRICT_OBJC_MSGSEND = YES;
				ENABLE_USER_SCRIPT_SANDBOXING = YES;
				GCC_C_LANGUAGE_STANDARD = gnu17;
				GCC_NO_COMMON_BLOCKS = YES;
				GCC_WARN_64_TO_32_BIT_CONVERSION = YES;
				GCC_WARN_ABOUT_RETURN_TYPE = YES_ERROR;
				GCC_WARN_UNDECLARED_SELECTOR = YES;
				GCC_WARN_UNINITIALIZED_AUTOS = YES_AGGRESSIVE;
				GCC_WARN_UNUSED_FUNCTION = YES;
				GCC_WARN_UNUSED_VARIABLE = YES;
				IPHONEOS_DEPLOYMENT_TARGET = 18.4;
				LOCALIZATION_PREFERS_STRING_CATALOGS = YES;
				MTL_ENABLE_DEBUG_INFO = NO;
				MTL_FAST_MATH = YES;
				SDKROOT = iphoneos;
				SWIFT_COMPILATION_MODE = wholemodule;
				VALIDATE_PRODUCT = YES;
			};
			name = Release;
		};
		EABC3B9D2DC831DD00B370E4 /* Debug */ = {
			isa = XCBuildConfiguration;
			buildSettings = {
				BUNDLE_LOADER = "$(TEST_HOST)";
				CODE_SIGN_STYLE = Automatic;
				CURRENT_PROJECT_VERSION = 1;
				GENERATE_INFOPLIST_FILE = YES;
				IPHONEOS_DEPLOYMENT_TARGET = 18.4;
				MARKETING_VERSION = 1.0;
				PRODUCT_BUNDLE_IDENTIFIER = "codepath.IOS101-MainTests";
				PRODUCT_NAME = "$(TARGET_NAME)";
				SWIFT_EMIT_LOC_STRINGS = NO;
				SWIFT_VERSION = 5.0;
				TARGETED_DEVICE_FAMILY = "1,2";
				TEST_HOST = "$(BUILT_PRODUCTS_DIR)/IOS101_Main.app/$(BUNDLE_EXECUTABLE_FOLDER_PATH)/IOS101_Main";
			};
			name = Debug;
		};
		EABC3B9E2DC831DD00B370E4 /* Release */ = {
			isa = XCBuildConfiguration;
			buildSettings = {
				BUNDLE_LOADER = "$(TEST_HOST)";
				CODE_SIGN_STYLE = Automatic;
				CURRENT_PROJECT_VERSION = 1;
				GENERATE_INFOPLIST_FILE = YES;
				IPHONEOS_DEPLOYMENT_TARGET = 18.4;
				MARKETING_VERSION = 1.0;
				PRODUCT_BUNDLE_IDENTIFIER = "codepath.IOS101-MainTests";
				PRODUCT_NAME = "$(TARGET_NAME)";
				SWIFT_EMIT_LOC_STRINGS = NO;
				SWIFT_VERSION = 5.0;
				TARGETED_DEVICE_FAMILY = "1,2";
				TEST_HOST = "$(BUILT_PRODUCTS_DIR)/IOS101_Main.app/$(BUNDLE_EXECUTABLE_FOLDER_PATH)/IOS101_Main";
			};
			name = Release;
		};
		EABC3BA02DC831DD00B370E4 /* Debug */ = {
			isa = XCBuildConfiguration;
			buildSettings = {
				CODE_SIGN_STYLE = Automatic;
				CURRENT_PROJECT_VERSION = 1;
				GENERATE_INFOPLIST_FILE = YES;
				MARKETING_VERSION = 1.0;
				PRODUCT_BUNDLE_IDENTIFIER = "codepath.IOS101-MainUITests";
				PRODUCT_NAME = "$(TARGET_NAME)";
				SWIFT_EMIT_LOC_STRINGS = NO;
				SWIFT_VERSION = 5.0;
				TARGETED_DEVICE_FAMILY = "1,2";
				TEST_TARGET_NAME = IOS101_Main;
			};
			name = Debug;
		};
		EABC3BA12DC831DD00B370E4 /* Release */ = {
			isa = XCBuildConfiguration;
			buildSettings = {
				CODE_SIGN_STYLE = Automatic;
				CURRENT_PROJECT_VERSION = 1;
				GENERATE_INFOPLIST_FILE = YES;
				MARKETING_VERSION = 1.0;
				PRODUCT_BUNDLE_IDENTIFIER = "codepath.IOS101-MainUITests";
				PRODUCT_NAME = "$(TARGET_NAME)";
				SWIFT_EMIT_LOC_STRINGS = NO;
				SWIFT_VERSION = 5.0;
				TARGETED_DEVICE_FAMILY = "1,2";
				TEST_TARGET_NAME = IOS101_Main;
			};
			name = Release;
		};
/* End XCBuildConfiguration section */

/* Begin XCConfigurationList section */
		EABC3B692DC831DB00B370E4 /* Build configuration list for PBXProject "IOS101_Main" */ = {
			isa = XCConfigurationList;
			buildConfigurations = (
				EABC3B9A2DC831DD00B370E4 /* Debug */,
				EABC3B9B2DC831DD00B370E4 /* Release */,
			);
			defaultConfigurationIsVisible = 0;
			defaultConfigurationName = Release;
		};
		EABC3B972DC831DD00B370E4 /* Build configuration list for PBXNativeTarget "IOS101_Main" */ = {
			isa = XCConfigurationList;
			buildConfigurations = (
				EABC3B982DC831DD00B370E4 /* Debug */,
				EABC3B992DC831DD00B370E4 /* Release */,
			);
			defaultConfigurationIsVisible = 0;
			defaultConfigurationName = Release;
		};
		EABC3B9C2DC831DD00B370E4 /* Build configuration list for PBXNativeTarget "IOS101_MainTests" */ = {
			isa = XCConfigurationList;
			buildConfigurations = (
				EABC3B9D2DC831DD00B370E4 /* Debug */,
				EABC3B9E2DC831DD00B370E4 /* Release */,
			);
			defaultConfigurationIsVisible = 0;
			defaultConfigurationName = Release;
		};
		EABC3B9F2DC831DD00B370E4 /* Build configuration list for PBXNativeTarget "IOS101_MainUITests" */ = {
			isa = XCConfigurationList;
			buildConfigurations = (
				EABC3BA02DC831DD00B370E4 /* Debug */,
				EABC3BA12DC831DD00B370E4 /* Release */,
			);
			defaultConfigurationIsVisible = 0;
			defaultConfigurationName = Release;
		};
/* End XCConfigurationList section */
	};
	rootObject = EABC3B662DC831DB00B370E4 /* Project object */;
}
